
Microsoft Visual Studio Solution File, Format Version 12.00
# Visual Studio Version 17
VisualStudioVersion = 17.9.34728.123
MinimumVisualStudioVersion = 10.0.40219.1
Project("{FAE04EC0-301F-11D3-BF4B-00C04F79EFBC}") = "CreateCards", "CreateCards.csproj", "{D1799315-8824-4BC9-AC0D-43707AE54BDA}"
EndProject
Global
	GlobalSection(SolutionConfigurationPlatforms) = preSolution
		Debug|Any CPU = Debug|Any CPU
		Release|Any CPU = Release|Any CPU
	EndGlobalSection
	GlobalSection(ProjectConfigurationPlatforms) = postSolution
		{D1799315-8824-4BC9-AC0D-43707AE54BDA}.Debug|Any CPU.ActiveCfg = Debug|Any CPU
		{D1799315-8824-4BC9-AC0D-43707AE54BDA}.Debug|Any CPU.Build.0 = Debug|Any CPU
		{D1799315-8824-4BC9-AC0D-43707AE54BDA}.Release|Any CPU.ActiveCfg = Release|Any CPU
		{D1799315-8824-4BC9-AC0D-43707AE54BDA}.Release|Any CPU.Build.0 = Release|Any CPU
	EndGlobalSection
	GlobalSection(SolutionProperties) = preSolution
		HideSolutionNode = FALSE
	EndGlobalSection
	GlobalSection(ExtensibilityGlobals) = postSolution
		SolutionGuid = {997202D7-AF3D-4FF3-9929-CA5C0AF9BA28}
	EndGlobalSection
EndGlobal
